<?xml version="1.0" encoding="UTF-8" standalone="yes" ?>
<CodeBlocks_project_file>
   <FileVersion major="1" minor="6" />
   <Project>
      <Option title="obstacle_avoidance_example" />
      <Option makefile_is_custom="1" />
      <Option compiler="gcc" />
      <Option virtualFolders="CMake Files\;" />
      <Build>
      <Target title="all">
         <Option working_dir="/home/100293639/Escritorio/webots/controllers/qtcreator-build" />
         <Option type="4" />
         <MakeCommands>
            <Build command="/usr/bin/make -f &quot;/home/100293639/Escritorio/webots/controllers/qtcreator-build/Makefile&quot;  VERBOSE=1 all" />
            <CompileFile command="/usr/bin/make -f &quot;/home/100293639/Escritorio/webots/controllers/qtcreator-build/Makefile&quot;  VERBOSE=1 &quot;$file&quot;" />
            <Clean command="/usr/bin/make -f &quot;/home/100293639/Escritorio/webots/controllers/qtcreator-build/Makefile&quot;  VERBOSE=1 clean" />
            <DistClean command="/usr/bin/make -f &quot;/home/100293639/Escritorio/webots/controllers/qtcreator-build/Makefile&quot;  VERBOSE=1 clean" />
         </MakeCommands>
      </Target>
      <Target title="obstacle_avoidance_example">
         <Option output="/home/100293639/Escritorio/webots/controllers/qtcreator-build/obstacle_avoidance_example" prefix_auto="0" extension_auto="0" />
         <Option working_dir="/home/100293639/Escritorio/webots/controllers/qtcreator-build" />
         <Option object_output="./" />
         <Option type="1" />
         <Option compiler="gcc" />
         <Compiler>
            <Add option="-DLINUX" />
            <Add directory="/usr/include" />
            <Add directory="/usr/include/c++/4.8" />
            <Add directory="/usr/include/c++/4.8/backward" />
            <Add directory="/usr/include/i386-linux-gnu" />
            <Add directory="/usr/include/i386-linux-gnu/c++/4.8" />
            <Add directory="/usr/lib/gcc/i686-linux-gnu/4.8/include" />
            <Add directory="/usr/lib/gcc/i686-linux-gnu/4.8/include-fixed" />
            <Add directory="/usr/local/include" />
         </Compiler>
         <MakeCommands>
            <Build command="/usr/bin/make -f &quot;/home/100293639/Escritorio/webots/controllers/qtcreator-build/Makefile&quot;  VERBOSE=1 obstacle_avoidance_example" />
            <CompileFile command="/usr/bin/make -f &quot;/home/100293639/Escritorio/webots/controllers/qtcreator-build/Makefile&quot;  VERBOSE=1 &quot;$file&quot;" />
            <Clean command="/usr/bin/make -f &quot;/home/100293639/Escritorio/webots/controllers/qtcreator-build/Makefile&quot;  VERBOSE=1 clean" />
            <DistClean command="/usr/bin/make -f &quot;/home/100293639/Escritorio/webots/controllers/qtcreator-build/Makefile&quot;  VERBOSE=1 clean" />
         </MakeCommands>
      </Target>
      <Target title="obstacle_avoidance_example/fast">
         <Option output="/home/100293639/Escritorio/webots/controllers/qtcreator-build/obstacle_avoidance_example" prefix_auto="0" extension_auto="0" />
         <Option working_dir="/home/100293639/Escritorio/webots/controllers/qtcreator-build" />
         <Option object_output="./" />
         <Option type="1" />
         <Option compiler="gcc" />
         <Compiler>
            <Add option="-DLINUX" />
            <Add directory="/usr/include" />
            <Add directory="/usr/include/c++/4.8" />
            <Add directory="/usr/include/c++/4.8/backward" />
            <Add directory="/usr/include/i386-linux-gnu" />
            <Add directory="/usr/include/i386-linux-gnu/c++/4.8" />
            <Add directory="/usr/lib/gcc/i686-linux-gnu/4.8/include" />
            <Add directory="/usr/lib/gcc/i686-linux-gnu/4.8/include-fixed" />
            <Add directory="/usr/local/include" />
         </Compiler>
         <MakeCommands>
            <Build command="/usr/bin/make -f &quot;/home/100293639/Escritorio/webots/controllers/qtcreator-build/Makefile&quot;  VERBOSE=1 obstacle_avoidance_example/fast" />
            <CompileFile command="/usr/bin/make -f &quot;/home/100293639/Escritorio/webots/controllers/qtcreator-build/Makefile&quot;  VERBOSE=1 &quot;$file&quot;" />
            <Clean command="/usr/bin/make -f &quot;/home/100293639/Escritorio/webots/controllers/qtcreator-build/Makefile&quot;  VERBOSE=1 clean" />
            <DistClean command="/usr/bin/make -f &quot;/home/100293639/Escritorio/webots/controllers/qtcreator-build/Makefile&quot;  VERBOSE=1 clean" />
         </MakeCommands>
      </Target>
      <Target title="rebuild_cache">
         <Option working_dir="/home/100293639/Escritorio/webots/controllers/qtcreator-build" />
         <Option type="4" />
         <MakeCommands>
            <Build command="/usr/bin/make -f &quot;/home/100293639/Escritorio/webots/controllers/qtcreator-build/Makefile&quot;  VERBOSE=1 rebuild_cache" />
            <CompileFile command="/usr/bin/make -f &quot;/home/100293639/Escritorio/webots/controllers/qtcreator-build/Makefile&quot;  VERBOSE=1 &quot;$file&quot;" />
            <Clean command="/usr/bin/make -f &quot;/home/100293639/Escritorio/webots/controllers/qtcreator-build/Makefile&quot;  VERBOSE=1 clean" />
            <DistClean command="/usr/bin/make -f &quot;/home/100293639/Escritorio/webots/controllers/qtcreator-build/Makefile&quot;  VERBOSE=1 clean" />
         </MakeCommands>
      </Target>
      </Build>
      <Unit filename="/home/100293639/Escritorio/webots/controllers/obstacle_avoidance_example/MyRobot.cpp">
      </Unit>
      <Unit filename="/home/100293639/Escritorio/webots/controllers/obstacle_avoidance_example/obstacle_avoidance_example.cpp">
      </Unit>
      <Unit filename="/home/100293639/Escritorio/webots/controllers/obstacle_avoidance_example/MyRobot.h">
      </Unit>
      <Unit filename="/home/100293639/Escritorio/webots/controllers/obstacle_avoidance_example/CMakeLists.txt">
          <Option virtualFolder="CMake Files\" />
      </Unit>
   </Project>
</CodeBlocks_project_file>
